// !$*UTF8*$!
{
	archiveVersion = 1;
	classes = {
	};
	objectVersion = 46;
	objects = {

/* Begin PBXBuildFile section */
		756A1DAC1C5650C100A0C6E2 /* main.m in Sources */ = {isa = PBXBuildFile; fileRef = 756A1DAB1C5650C100A0C6E2 /* main.m */; };
		756A1DAF1C5650C100A0C6E2 /* AppDelegate.m in Sources */ = {isa = PBXBuildFile; fileRef = 756A1DAE1C5650C100A0C6E2 /* AppDelegate.m */; };
		756A1DB21C5650C100A0C6E2 /* ViewController.m in Sources */ = {isa = PBXBuildFile; fileRef = 756A1DB11C5650C100A0C6E2 /* ViewController.m */; };
		756A1DB51C5650C100A0C6E2 /* Main.storyboard in Resources */ = {isa = PBXBuildFile; fileRef = 756A1DB31C5650C100A0C6E2 /* Main.storyboard */; };
		756A1DB71C5650C100A0C6E2 /* Assets.xcassets in Resources */ = {isa = PBXBuildFile; fileRef = 756A1DB61C5650C100A0C6E2 /* Assets.xcassets */; };
		756A1DBA1C5650C100A0C6E2 /* LaunchScreen.storyboard in Resources */ = {isa = PBXBuildFile; fileRef = 756A1DB81C5650C100A0C6E2 /* LaunchScreen.storyboard */; };
		756A1DC31C56513C00A0C6E2 /* TableViewController.m in Sources */ = {isa = PBXBuildFile; fileRef = 756A1DC21C56513C00A0C6E2 /* TableViewController.m */; };
		756A1DC61C565AB100A0C6E2 /* CustomTableViewCell.m in Sources */ = {isa = PBXBuildFile; fileRef = 756A1DC51C565AB100A0C6E2 /* CustomTableViewCell.m */; };
/* End PBXBuildFile section */

/* Begin PBXFileReference section */
		756A1DA71C5650C100A0C6E2 /* testTableView.app */ = {isa = PBXFileReference; explicitFileType = wrapper.application; includeInIndex = 0; path = testTableView.app; sourceTree = BUILT_PRODUCTS_DIR; };
		756A1DAB1C5650C100A0C6E2 /* main.m */ = {isa = PBXFileReference; lastKnownFileType = sourcecode.c.objc; path = main.m; sourceTree = "<group>"; };
		756A1DAD1C5650C100A0C6E2 /* AppDelegate.h */ = {isa = PBXFileReference; lastKnownFileType = sourcecode.c.h; path = AppDelegate.h; sourceTree = "<group>"; };
		756A1DAE1C5650C100A0C6E2 /* AppDelegate.m */ = {isa = PBXFileReference; lastKnownFileType = sourcecode.c.objc; path = AppDelegate.m; sourceTree = "<group>"; };
		756A1DB01C5650C100A0C6E2 /* ViewController.h */ = {isa = PBXFileReference; lastKnownFileType = sourcecode.c.h; path = ViewController.h; sourceTree = "<group>"; };
		756A1DB11C5650C100A0C6E2 /* ViewController.m */ = {isa = PBXFileReference; lastKnownFileType = sourcecode.c.objc; path = ViewController.m; sourceTree = "<group>"; };
		756A1DB41C5650C100A0C6E2 /* Base */ = {isa = PBXFileReference; lastKnownFileType = file.storyboard; name = Base; path = Base.lproj/Main.storyboard; sourceTree = "<group>"; };
		756A1DB61C5650C100A0C6E2 /* Assets.xcassets */ = {isa = PBXFileReference; lastKnownFileType = folder.assetcatalog; path = Assets.xcassets; sourceTree = "<group>"; };
		756A1DB91C5650C100A0C6E2 /* Base */ = {isa = PBXFileReference; lastKnownFileType = file.storyboard; name = Base; path = Base.lproj/LaunchScreen.storyboard; sourceTree = "<group>"; };
		756A1DBB1C5650C100A0C6E2 /* Info.plist */ = {isa = PBXFileReference; lastKnownFileType = text.plist.xml; path = Info.plist; sourceTree = "<group>"; };
		756A1DC11C56513C00A0C6E2 /* TableViewController.h */ = {isa = PBXFileReference; fileEncoding = 4; lastKnownFileType = sourcecode.c.h; path = TableViewController.h; sourceTree = "<group>"; };
		756A1DC21C56513C00A0C6E2 /* TableViewController.m */ = {isa = PBXFileReference; fileEncoding = 4; lastKnownFileType = sourcecode.c.objc; path = TableViewController.m; sourceTree = "<group>"; };
		756A1DC41C565AB100A0C6E2 /* CustomTableViewCell.h */ = {isa = PBXFileReference; fileEncoding = 4; lastKnownFileType = sourcecode.c.h; path = CustomTableViewCell.h; sourceTree = "<group>"; };
		756A1DC51C565AB100A0C6E2 /* CustomTableViewCell.m */ = {isa = PBXFileReference; fileEncoding = 4; lastKnownFileType = sourcecode.c.objc; path = CustomTableViewCell.m; sourceTree = "<group>"; };
/* End PBXFileReference section */

/* Begin PBXFrameworksBuildPhase section */
		756A1DA41C5650C100A0C6E2 /* Frameworks */ = {
			isa = PBXFrameworksBuildPhase;
			buildActionMask = 2147483647;
			files = (
			);
			runOnlyForDeploymentPostprocessing = 0;
		};
/* End PBXFrameworksBuildPhase section */

/* Begin PBXGroup section */
		756A1D9E1C5650C100A0C6E2 = {
			isa = PBXGroup;
			children = (
				756A1DA91C5650C100A0C6E2 /* testTableView */,
				756A1DA81C5650C100A0C6E2 /* Products */,
			);
			sourceTree = "<group>";
		};
		756A1DA81C5650C100A0C6E2 /* Products */ = {
			isa = PBXGroup;
			children = (
				756A1DA71C5650C100A0C6E2 /* testTableView.app */,
			);
			name = Products;
			sourceTree = "<group>";
		};
		756A1DA91C5650C100A0C6E2 /* testTableView */ = {
			isa = PBXGroup;
			children = (
				756A1DAD1C5650C100A0C6E2 /* AppDelegate.h */,
				756A1DAE1C5650C100A0C6E2 /* AppDelegate.m */,
				756A1DB01C5650C100A0C6E2 /* ViewController.h */,
				756A1DB11C5650C100A0C6E2 /* ViewController.m */,
				756A1DC11C56513C00A0C6E2 /* TableViewController.h */,
				756A1DC21C56513C00A0C6E2 /* TableViewController.m */,
				756A1DC41C565AB100A0C6E2 /* CustomTableViewCell.h */,
				756A1DC51C565AB100A0C6E2 /* CustomTableViewCell.m */,
				756A1DB31C5650C100A0C6E2 /* Main.storyboard */,
				756A1DB61C5650C100A0C6E2 /* Assets.xcassets */,
				756A1DB81C5650C100A0C6E2 /* LaunchScreen.storyboard */,
				756A1DBB1C5650C100A0C6E2 /* Info.plist */,
				756A1DAA1C5650C100A0C6E2 /* Supporting Files */,
			);
			path = testTableView;
			sourceTree = "<group>";
		};
		756A1DAA1C5650C100A0C6E2 /* Supporting Files */ = {
			isa = PBXGroup;
			children = (
				756A1DAB1C5650C100A0C6E2 /* main.m */,
			);
			name = "Supporting Files";
			sourceTree = "<group>";
		};
/* End PBXGroup section */

/* Begin PBXNativeTarget section */
		756A1DA61C5650C100A0C6E2 /* testTableView */ = {
			isa = PBXNativeTarget;
			buildConfigurationList = 756A1DBE1C5650C100A0C6E2 /* Build configuration list for PBXNativeTarget "testTableView" */;
			buildPhases = (
				756A1DA31C5650C100A0C6E2 /* Sources */,
				756A1DA41C5650C100A0C6E2 /* Frameworks */,
				756A1DA51C5650C100A0C6E2 /* Resources */,
			);
			buildRules = (
			);
			dependencies = (
			);
			name = testTableView;
			productName = testTableView;
			productReference = 756A1DA71C5650C100A0C6E2 /* testTableView.app */;
			productType = "com.apple.product-type.application";
		};
/* End PBXNativeTarget section */

/* Begin PBXProject section */
		756A1D9F1C5650C100A0C6E2 /* Project object */ = {
			isa = PBXProject;
			attributes = {
				LastUpgradeCheck = 0720;
				ORGANIZATIONNAME = ioszhe;
				TargetAttributes = {
					756A1DA61C5650C100A0C6E2 = {
						CreatedOnToolsVersion = 7.2;
					};
				};
			};
			buildConfigurationList = 756A1DA21C5650C100A0C6E2 /* Build configuration list for PBXProject "testTableView" */;
			compatibilityVersion = "Xcode 3.2";
			developmentRegion = English;
			hasScannedForEncodings = 0;
			knownRegions = (
				en,
				Base,
			);
			mainGroup = 756A1D9E1C5650C100A0C6E2;
			productRefGroup = 756A1DA81C5650C100A0C6E2 /* Products */;
			projectDirPath = "";
			projectRoot = "";
			targets = (
				756A1DA61C5650C100A0C6E2 /* testTableView */,
			);
		};
/* End PBXProject section */

/* Begin PBXResourcesBuildPhase section */
		756A1DA51C5650C100A0C6E2 /* Resources */ = {
			isa = PBXResourcesBuildPhase;
			buildActionMask = 2147483647;
			files = (
				756A1DBA1C5650C100A0C6E2 /* LaunchScreen.storyboard in Resources */,
				756A1DB71C5650C100A0C6E2 /* Assets.xcassets in Resources */,
				756A1DB51C5650C100A0C6E2 /* Main.storyboard in Resources */,
			);
			runOnlyForDeploymentPostprocessing = 0;
		};
/* End PBXResourcesBuildPhase section */

/* Begin PBXSourcesBuildPhase section */
		756A1DA31C5650C100A0C6E2 /* Sources */ = {
			isa = PBXSourcesBuildPhase;
			buildActionMask = 2147483647;
			files = (
				756A1DB21C5650C100A0C6E2 /* ViewController.m in Sources */,
				756A1DAF1C5650C100A0C6E2 /* AppDelegate.m in Sources */,
				756A1DAC1C5650C100A0C6E2 /* main.m in Sources */,
				756A1DC61C565AB100A0C6E2 /* CustomTableViewCell.m in Sources */,
				756A1DC31C56513C00A0C6E2 /* TableViewController.m in Sources */,
			);
			runOnlyForDeploymentPostprocessing = 0;
		};
/* End PBXSourcesBuildPhase section */

/* Begin PBXVariantGroup section */
		756A1DB31C5650C100A0C6E2 /* Main.storyboard */ = {
			isa = PBXVariantGroup;
			children = (
				756A1DB41C5650C100A0C6E2 /* Base */,
			);
			name = Main.storyboard;
			sourceTree = "<group>";
		};
		756A1DB81C5650C100A0C6E2 /* LaunchScreen.storyboard */ = {
			isa = PBXVariantGroup;
			children = (
				756A1DB91C5650C100A0C6E2 /* Base */,
			);
			name = LaunchScreen.storyboard;
			sourceTree = "<group>";
		};
/* End PBXVariantGroup section */

/* Begin XCBuildConfiguration section */
		756A1DBC1C5650C100A0C6E2 /* Debug */ = {
			isa = XCBuildConfiguration;
			buildSettings = {
				ALWAYS_SEARCH_USER_PATHS = NO;
				CLANG_CXX_LANGUAGE_STANDARD = "gnu++0x";
				CLANG_CXX_LIBRARY = "libc++";
				CLANG_ENABLE_MODULES = YES;
				CLANG_ENABLE_OBJC_ARC = YES;
				CLANG_WARN_BOOL_CONVERSION = YES;
				CLANG_WARN_CONSTANT_CONVERSION = YES;
				CLANG_WARN_DIRECT_OBJC_ISA_USAGE = YES_ERROR;
				CLANG_WARN_EMPTY_BODY = YES;
				CLANG_WARN_ENUM_CONVERSION = YES;
				CLANG_WARN_INT_CONVERSION = YES;
				CLANG_WARN_OBJC_ROOT_CLASS = YES_ERROR;
				CLANG_WARN_UNREACHABLE_CODE = YES;
				CLANG_WARN__DUPLICATE_METHOD_MATCH = YES;
				"CODE_SIGN_IDENTITY[sdk=iphoneos*]" = "iPhone Developer";
				COPY_PHASE_STRIP = NO;
				DEBUG_INFORMATION_FORMAT = dwarf;
				ENABLE_STRICT_OBJC_MSGSEND = YES;
				ENABLE_TESTABILITY = YES;
				GCC_C_LANGUAGE_STANDARD = gnu99;
				GCC_DYNAMIC_NO_PIC = NO;
				GCC_NO_COMMON_BLOCKS = YES;
				GCC_OPTIMIZATION_LEVEL = 0;
				GCC_PREPROCESSOR_DEFINITIONS = (
					"DEBUG=1",
					"$(inherited)",
				);
				GCC_WARN_64_TO_32_BIT_CONVERSION = YES;
				GCC_WARN_ABOUT_RETURN_TYPE = YES_ERROR;
				GCC_WARN_UNDECLARED_SELECTOR = YES;
				GCC_WARN_UNINITIALIZED_AUTOS = YES_AGGRESSIVE;
				GCC_WARN_UNUSED_FUNCTION = YES;
				GCC_WARN_UNUSED_VARIABLE = YES;
				IPHONEOS_DEPLOYMENT_TARGET = 9.2;
				MTL_ENABLE_DEBUG_INFO = YES;
				ONLY_ACTIVE_ARCH = YES;
				SDKROOT = iphoneos;
			};
			name = Debug;
		};
		756A1DBD1C5650C100A0C6E2 /* Release */ = {
			isa = XCBuildConfiguration;
			buildSettings = {
				ALWAYS_SEARCH_USER_PATHS = NO;
				CLANG_CXX_LANGUAGE_STANDARD = "gnu++0x";
				CLANG_CXX_LIBRARY = "libc++";
				CLANG_ENABLE_MODULES = YES;
				CLANG_ENABLE_OBJC_ARC = YES;
				CLANG_WARN_BOOL_CONVERSION = YES;
				CLANG_WARN_CONSTANT_CONVERSION = YES;
				CLANG_WARN_DIRECT_OBJC_ISA_USAGE = YES_ERROR;
				CLANG_WARN_EMPTY_BODY = YES;
				CLANG_WARN_ENUM_CONVERSION = YES;
				CLANG_WARN_INT_CONVERSION = YES;
				CLANG_WARN_OBJC_ROOT_CLASS = YES_ERROR;
				CLANG_WARN_UNREACHABLE_CODE = YES;
				CLANG_WARN__DUPLICATE_METHOD_MATCH = YES;
				"CODE_SIGN_IDENTITY[sdk=iphoneos*]" = "iPhone Developer";
				COPY_PHASE_STRIP = NO;
				DEBUG_INFORMATION_FORMAT = "dwarf-with-dsym";
				ENABLE_NS_ASSERTIONS = NO;
				ENABLE_STRICT_OBJC_MSGSEND = YES;
				GCC_C_LANGUAGE_STANDARD = gnu99;
				GCC_NO_COMMON_BLOCKS = YES;
				GCC_WARN_64_TO_32_BIT_CONVERSION = YES;
				GCC_WARN_ABOUT_RETURN_TYPE = YES_ERROR;
				GCC_WARN_UNDECLARED_SELECTOR = YES;
				GCC_WARN_UNINITIALIZED_AUTOS = YES_AGGRESSIVE;
				GCC_WARN_UNUSED_FUNCTION = YES;
				GCC_WARN_UNUSED_VARIABLE = YES;
				IPHONEOS_DEPLOYMENT_TARGET = 9.2;
				MTL_ENABLE_DEBUG_INFO = NO;
				SDKROOT = iphoneos;
				VALIDATE_PRODUCT = YES;
			};
			name = Release;
		};
		756A1DBF1C5650C100A0C6E2 /* Debug */ = {
			isa = XCBuildConfiguration;
			buildSettings = {
				ASSETCATALOG_COMPILER_APPICON_NAME = AppIcon;
				INFOPLIST_FILE = testTableView/Info.plist;
				LD_RUNPATH_SEARCH_PATHS = "$(inherited) @executable_path/Frameworks";
				PRODUCT_BUNDLE_IDENTIFIER = com.sqz.testTableView;
				PRODUCT_NAME = "$(TARGET_NAME)";
			};
			name = Debug;
		};
		756A1DC01C5650C100A0C6E2 /* Release */ = {
			isa = XCBuildConfiguration;
			buildSettings = {
				ASSETCATALOG_COMPILER_APPICON_NAME = AppIcon;
				INFOPLIST_FILE = testTableView/Info.plist;
				LD_RUNPATH_SEARCH_PATHS = "$(inherited) @executable_path/Frameworks";
				PRODUCT_BUNDLE_IDENTIFIER = com.sqz.testTableView;
				PRODUCT_NAME = "$(TARGET_NAME)";
			};
			name = Release;
		};
/* End XCBuildConfiguration section */

/* Begin XCConfigurationList section */
		756A1DA21C5650C100A0C6E2 /* Build configuration list for PBXProject "testTableView" */ = {
			isa = XCConfigurationList;
			buildConfigurations = (
				756A1DBC1C5650C100A0C6E2 /* Debug */,
				756A1DBD1C5650C100A0C6E2 /* Release */,
			);
			defaultConfigurationIsVisible = 0;
			defaultConfigurationName = Release;
		};
		756A1DBE1C5650C100A0C6E2 /* Build configuration list for PBXNativeTarget "testTableView" */ = {
			isa = XCConfigurationList;
			buildConfigurations = (
				756A1DBF1C5650C100A0C6E2 /* Debug */,
				756A1DC01C5650C100A0C6E2 /* Release */,
			);
			defaultConfigurationIsVisible = 0;
		};
/* End XCConfigurationList section */
	};
	rootObject = 756A1D9F1C5650C100A0C6E2 /* Project object */;
}
